
Microsoft Visual Studio Solution File, Format Version 12.00
# Visual Studio Version 17
VisualStudioVersion = 17.1.32210.238
MinimumVisualStudioVersion = 10.0.40219.1
Project("{FAE04EC0-301F-11D3-BF4B-00C04F79EFBC}") = "lab03", "lab03.csproj", "{3E599C99-2D1D-47F9-ADC8-BDEDA28AB816}"
EndProject
Global
	GlobalSection(SolutionConfigurationPlatforms) = preSolution
		Debug|Any CPU = Debug|Any CPU
		Release|Any CPU = Release|Any CPU
	EndGlobalSection
	GlobalSection(ProjectConfigurationPlatforms) = postSolution
		{3E599C99-2D1D-47F9-ADC8-BDEDA28AB816}.Debug|Any CPU.ActiveCfg = Debug|Any CPU
		{3E599C99-2D1D-47F9-ADC8-BDEDA28AB816}.Debug|Any CPU.Build.0 = Debug|Any CPU
		{3E599C99-2D1D-47F9-ADC8-BDEDA28AB816}.Release|Any CPU.ActiveCfg = Release|Any CPU
		{3E599C99-2D1D-47F9-ADC8-BDEDA28AB816}.Release|Any CPU.Build.0 = Release|Any CPU
	EndGlobalSection
	GlobalSection(SolutionProperties) = preSolution
		HideSolutionNode = FALSE
	EndGlobalSection
	GlobalSection(ExtensibilityGlobals) = postSolution
		SolutionGuid = {C06D8F68-168C-4DE5-AF84-4D804F91B892}
	EndGlobalSection
EndGlobal
